// !$*UTF8*$!
{
	archiveVersion = 1;
	classes = {
	};
	objectVersion = 56;
	objects = {

/* Begin PBXBuildFile section */
		FCDDDFAD296EE9B900A5FD80 /* AppDelegate.swift in Sources */ = {isa = PBXBuildFile; fileRef = FCDDDFAC296EE9B900A5FD80 /* AppDelegate.swift */; };
		FCDDDFAF296EE9B900A5FD80 /* SceneDelegate.swift in Sources */ = {isa = PBXBuildFile; fileRef = FCDDDFAE296EE9B900A5FD80 /* SceneDelegate.swift */; };
		FCDDDFB1296EE9B900A5FD80 /* ViewController.swift in Sources */ = {isa = PBXBuildFile; fileRef = FCDDDFB0296EE9B900A5FD80 /* ViewController.swift */; };
		FCDDDFB4296EE9B900A5FD80 /* Main.storyboard in Resources */ = {isa = PBXBuildFile; fileRef = FCDDDFB2296EE9B900A5FD80 /* Main.storyboard */; };
		FCDDDFB7296EE9B900A5FD80 /* MarvelApp.xcdatamodeld in Sources */ = {isa = PBXBuildFile; fileRef = FCDDDFB5296EE9B900A5FD80 /* MarvelApp.xcdatamodeld */; };
		FCDDDFB9296EE9BA00A5FD80 /* Assets.xcassets in Resources */ = {isa = PBXBuildFile; fileRef = FCDDDFB8296EE9BA00A5FD80 /* Assets.xcassets */; };
		FCDDDFBC296EE9BA00A5FD80 /* LaunchScreen.storyboard in Resources */ = {isa = PBXBuildFile; fileRef = FCDDDFBA296EE9BA00A5FD80 /* LaunchScreen.storyboard */; };
		FCDDDFC7296EE9BA00A5FD80 /* MarvelAppTests.swift in Sources */ = {isa = PBXBuildFile; fileRef = FCDDDFC6296EE9BA00A5FD80 /* MarvelAppTests.swift */; };
		FCDDDFD1296EE9BA00A5FD80 /* MarvelAppUITests.swift in Sources */ = {isa = PBXBuildFile; fileRef = FCDDDFD0296EE9BA00A5FD80 /* MarvelAppUITests.swift */; };
		FCDDDFD3296EE9BA00A5FD80 /* MarvelAppUITestsLaunchTests.swift in Sources */ = {isa = PBXBuildFile; fileRef = FCDDDFD2296EE9BA00A5FD80 /* MarvelAppUITestsLaunchTests.swift */; };
/* End PBXBuildFile section */

/* Begin PBXContainerItemProxy section */
		FCDDDFC3296EE9BA00A5FD80 /* PBXContainerItemProxy */ = {
			isa = PBXContainerItemProxy;
			containerPortal = FCDDDFA1296EE9B900A5FD80 /* Project object */;
			proxyType = 1;
			remoteGlobalIDString = FCDDDFA8296EE9B900A5FD80;
			remoteInfo = MarvelApp;
		};
		FCDDDFCD296EE9BA00A5FD80 /* PBXContainerItemProxy */ = {
			isa = PBXContainerItemProxy;
			containerPortal = FCDDDFA1296EE9B900A5FD80 /* Project object */;
			proxyType = 1;
			remoteGlobalIDString = FCDDDFA8296EE9B900A5FD80;
			remoteInfo = MarvelApp;
		};
/* End PBXContainerItemProxy section */

/* Begin PBXFileReference section */
		FCDDDFA9296EE9B900A5FD80 /* MarvelApp.app */ = {isa = PBXFileReference; explicitFileType = wrapper.application; includeInIndex = 0; path = MarvelApp.app; sourceTree = BUILT_PRODUCTS_DIR; };
		FCDDDFAC296EE9B900A5FD80 /* AppDelegate.swift */ = {isa = PBXFileReference; lastKnownFileType = sourcecode.swift; path = AppDelegate.swift; sourceTree = "<group>"; };
		FCDDDFAE296EE9B900A5FD80 /* SceneDelegate.swift */ = {isa = PBXFileReference; lastKnownFileType = sourcecode.swift; path = SceneDelegate.swift; sourceTree = "<group>"; };
		FCDDDFB0296EE9B900A5FD80 /* ViewController.swift */ = {isa = PBXFileReference; lastKnownFileType = sourcecode.swift; path = ViewController.swift; sourceTree = "<group>"; };
		FCDDDFB3296EE9B900A5FD80 /* Base */ = {isa = PBXFileReference; lastKnownFileType = file.storyboard; name = Base; path = Base.lproj/Main.storyboard; sourceTree = "<group>"; };
		FCDDDFB6296EE9B900A5FD80 /* MarvelApp.xcdatamodel */ = {isa = PBXFileReference; lastKnownFileType = wrapper.xcdatamodel; path = MarvelApp.xcdatamodel; sourceTree = "<group>"; };
		FCDDDFB8296EE9BA00A5FD80 /* Assets.xcassets */ = {isa = PBXFileReference; lastKnownFileType = folder.assetcatalog; path = Assets.xcassets; sourceTree = "<group>"; };
		FCDDDFBB296EE9BA00A5FD80 /* Base */ = {isa = PBXFileReference; lastKnownFileType = file.storyboard; name = Base; path = Base.lproj/LaunchScreen.storyboard; sourceTree = "<group>"; };
		FCDDDFBD296EE9BA00A5FD80 /* Info.plist */ = {isa = PBXFileReference; lastKnownFileType = text.plist.xml; path = Info.plist; sourceTree = "<group>"; };
		FCDDDFC2296EE9BA00A5FD80 /* MarvelAppTests.xctest */ = {isa = PBXFileReference; explicitFileType = wrapper.cfbundle; includeInIndex = 0; path = MarvelAppTests.xctest; sourceTree = BUILT_PRODUCTS_DIR; };
		FCDDDFC6296EE9BA00A5FD80 /* MarvelAppTests.swift */ = {isa = PBXFileReference; lastKnownFileType = sourcecode.swift; path = MarvelAppTests.swift; sourceTree = "<group>"; };
		FCDDDFCC296EE9BA00A5FD80 /* MarvelAppUITests.xctest */ = {isa = PBXFileReference; explicitFileType = wrapper.cfbundle; includeInIndex = 0; path = MarvelAppUITests.xctest; sourceTree = BUILT_PRODUCTS_DIR; };
		FCDDDFD0296EE9BA00A5FD80 /* MarvelAppUITests.swift */ = {isa = PBXFileReference; lastKnownFileType = sourcecode.swift; path = MarvelAppUITests.swift; sourceTree = "<group>"; };
		FCDDDFD2296EE9BA00A5FD80 /* MarvelAppUITestsLaunchTests.swift */ = {isa = PBXFileReference; lastKnownFileType = sourcecode.swift; path = MarvelAppUITestsLaunchTests.swift; sourceTree = "<group>"; };
/* End PBXFileReference section */

/* Begin PBXFrameworksBuildPhase section */
		FCDDDFA6296EE9B900A5FD80 /* Frameworks */ = {
			isa = PBXFrameworksBuildPhase;
			buildActionMask = 2147483647;
			files = (
			);
			runOnlyForDeploymentPostprocessing = 0;
		};
		FCDDDFBF296EE9BA00A5FD80 /* Frameworks */ = {
			isa = PBXFrameworksBuildPhase;
			buildActionMask = 2147483647;
			files = (
			);
			runOnlyForDeploymentPostprocessing = 0;
		};
		FCDDDFC9296EE9BA00A5FD80 /* Frameworks */ = {
			isa = PBXFrameworksBuildPhase;
			buildActionMask = 2147483647;
			files = (
			);
			runOnlyForDeploymentPostprocessing = 0;
		};
/* End PBXFrameworksBuildPhase section */

/* Begin PBXGroup section */
		FCDDDFA0296EE9B900A5FD80 = {
			isa = PBXGroup;
			children = (
				FCDDDFAB296EE9B900A5FD80 /* MarvelApp */,
				FCDDDFC5296EE9BA00A5FD80 /* MarvelAppTests */,
				FCDDDFCF296EE9BA00A5FD80 /* MarvelAppUITests */,
				FCDDDFAA296EE9B900A5FD80 /* Products */,
			);
			sourceTree = "<group>";
		};
		FCDDDFAA296EE9B900A5FD80 /* Products */ = {
			isa = PBXGroup;
			children = (
				FCDDDFA9296EE9B900A5FD80 /* MarvelApp.app */,
				FCDDDFC2296EE9BA00A5FD80 /* MarvelAppTests.xctest */,
				FCDDDFCC296EE9BA00A5FD80 /* MarvelAppUITests.xctest */,
			);
			name = Products;
			sourceTree = "<group>";
		};
		FCDDDFAB296EE9B900A5FD80 /* MarvelApp */ = {
			isa = PBXGroup;
			children = (
				FCDDDFAC296EE9B900A5FD80 /* AppDelegate.swift */,
				FCDDDFAE296EE9B900A5FD80 /* SceneDelegate.swift */,
				FCDDDFB0296EE9B900A5FD80 /* ViewController.swift */,
				FCDDDFB2296EE9B900A5FD80 /* Main.storyboard */,
				FCDDDFB8296EE9BA00A5FD80 /* Assets.xcassets */,
				FCDDDFBA296EE9BA00A5FD80 /* LaunchScreen.storyboard */,
				FCDDDFBD296EE9BA00A5FD80 /* Info.plist */,
				FCDDDFB5296EE9B900A5FD80 /* MarvelApp.xcdatamodeld */,
			);
			path = MarvelApp;
			sourceTree = "<group>";
		};
		FCDDDFC5296EE9BA00A5FD80 /* MarvelAppTests */ = {
			isa = PBXGroup;
			children = (
				FCDDDFC6296EE9BA00A5FD80 /* MarvelAppTests.swift */,
			);
			path = MarvelAppTests;
			sourceTree = "<group>";
		};
		FCDDDFCF296EE9BA00A5FD80 /* MarvelAppUITests */ = {
			isa = PBXGroup;
			children = (
				FCDDDFD0296EE9BA00A5FD80 /* MarvelAppUITests.swift */,
				FCDDDFD2296EE9BA00A5FD80 /* MarvelAppUITestsLaunchTests.swift */,
			);
			path = MarvelAppUITests;
			sourceTree = "<group>";
		};
/* End PBXGroup section */

/* Begin PBXNativeTarget section */
		FCDDDFA8296EE9B900A5FD80 /* MarvelApp */ = {
			isa = PBXNativeTarget;
			buildConfigurationList = FCDDDFD6296EE9BA00A5FD80 /* Build configuration list for PBXNativeTarget "MarvelApp" */;
			buildPhases = (
				FCDDDFA5296EE9B900A5FD80 /* Sources */,
				FCDDDFA6296EE9B900A5FD80 /* Frameworks */,
				FCDDDFA7296EE9B900A5FD80 /* Resources */,
			);
			buildRules = (
			);
			dependencies = (
			);
			name = MarvelApp;
			productName = MarvelApp;
			productReference = FCDDDFA9296EE9B900A5FD80 /* MarvelApp.app */;
			productType = "com.apple.product-type.application";
		};
		FCDDDFC1296EE9BA00A5FD80 /* MarvelAppTests */ = {
			isa = PBXNativeTarget;
			buildConfigurationList = FCDDDFD9296EE9BA00A5FD80 /* Build configuration list for PBXNativeTarget "MarvelAppTests" */;
			buildPhases = (
				FCDDDFBE296EE9BA00A5FD80 /* Sources */,
				FCDDDFBF296EE9BA00A5FD80 /* Frameworks */,
				FCDDDFC0296EE9BA00A5FD80 /* Resources */,
			);
			buildRules = (
			);
			dependencies = (
				FCDDDFC4296EE9BA00A5FD80 /* PBXTargetDependency */,
			);
			name = MarvelAppTests;
			productName = MarvelAppTests;
			productReference = FCDDDFC2296EE9BA00A5FD80 /* MarvelAppTests.xctest */;
			productType = "com.apple.product-type.bundle.unit-test";
		};
		FCDDDFCB296EE9BA00A5FD80 /* MarvelAppUITests */ = {
			isa = PBXNativeTarget;
			buildConfigurationList = FCDDDFDC296EE9BA00A5FD80 /* Build configuration list for PBXNativeTarget "MarvelAppUITests" */;
			buildPhases = (
				FCDDDFC8296EE9BA00A5FD80 /* Sources */,
				FCDDDFC9296EE9BA00A5FD80 /* Frameworks */,
				FCDDDFCA296EE9BA00A5FD80 /* Resources */,
			);
			buildRules = (
			);
			dependencies = (
				FCDDDFCE296EE9BA00A5FD80 /* PBXTargetDependency */,
			);
			name = MarvelAppUITests;
			productName = MarvelAppUITests;
			productReference = FCDDDFCC296EE9BA00A5FD80 /* MarvelAppUITests.xctest */;
			productType = "com.apple.product-type.bundle.ui-testing";
		};
/* End PBXNativeTarget section */

/* Begin PBXProject section */
		FCDDDFA1296EE9B900A5FD80 /* Project object */ = {
			isa = PBXProject;
			attributes = {
				BuildIndependentTargetsInParallel = 1;
				LastSwiftUpdateCheck = 1420;
				LastUpgradeCheck = 1420;
				TargetAttributes = {
					FCDDDFA8296EE9B900A5FD80 = {
						CreatedOnToolsVersion = 14.2;
					};
					FCDDDFC1296EE9BA00A5FD80 = {
						CreatedOnToolsVersion = 14.2;
						TestTargetID = FCDDDFA8296EE9B900A5FD80;
					};
					FCDDDFCB296EE9BA00A5FD80 = {
						CreatedOnToolsVersion = 14.2;
						TestTargetID = FCDDDFA8296EE9B900A5FD80;
					};
				};
			};
			buildConfigurationList = FCDDDFA4296EE9B900A5FD80 /* Build configuration list for PBXProject "MarvelApp" */;
			compatibilityVersion = "Xcode 14.0";
			developmentRegion = en;
			hasScannedForEncodings = 0;
			knownRegions = (
				en,
				Base,
			);
			mainGroup = FCDDDFA0296EE9B900A5FD80;
			productRefGroup = FCDDDFAA296EE9B900A5FD80 /* Products */;
			projectDirPath = "";
			projectRoot = "";
			targets = (
				FCDDDFA8296EE9B900A5FD80 /* MarvelApp */,
				FCDDDFC1296EE9BA00A5FD80 /* MarvelAppTests */,
				FCDDDFCB296EE9BA00A5FD80 /* MarvelAppUITests */,
			);
		};
/* End PBXProject section */

/* Begin PBXResourcesBuildPhase section */
		FCDDDFA7296EE9B900A5FD80 /* Resources */ = {
			isa = PBXResourcesBuildPhase;
			buildActionMask = 2147483647;
			files = (
				FCDDDFBC296EE9BA00A5FD80 /* LaunchScreen.storyboard in Resources */,
				FCDDDFB9296EE9BA00A5FD80 /* Assets.xcassets in Resources */,
				FCDDDFB4296EE9B900A5FD80 /* Main.storyboard in Resources */,
			);
			runOnlyForDeploymentPostprocessing = 0;
		};
		FCDDDFC0296EE9BA00A5FD80 /* Resources */ = {
			isa = PBXResourcesBuildPhase;
			buildActionMask = 2147483647;
			files = (
			);
			runOnlyForDeploymentPostprocessing = 0;
		};
		FCDDDFCA296EE9BA00A5FD80 /* Resources */ = {
			isa = PBXResourcesBuildPhase;
			buildActionMask = 2147483647;
			files = (
			);
			runOnlyForDeploymentPostprocessing = 0;
		};
/* End PBXResourcesBuildPhase section */

/* Begin PBXSourcesBuildPhase section */
		FCDDDFA5296EE9B900A5FD80 /* Sources */ = {
			isa = PBXSourcesBuildPhase;
			buildActionMask = 2147483647;
			files = (
				FCDDDFB1296EE9B900A5FD80 /* ViewController.swift in Sources */,
				FCDDDFAD296EE9B900A5FD80 /* AppDelegate.swift in Sources */,
				FCDDDFB7296EE9B900A5FD80 /* MarvelApp.xcdatamodeld in Sources */,
				FCDDDFAF296EE9B900A5FD80 /* SceneDelegate.swift in Sources */,
			);
			runOnlyForDeploymentPostprocessing = 0;
		};
		FCDDDFBE296EE9BA00A5FD80 /* Sources */ = {
			isa = PBXSourcesBuildPhase;
			buildActionMask = 2147483647;
			files = (
				FCDDDFC7296EE9BA00A5FD80 /* MarvelAppTests.swift in Sources */,
			);
			runOnlyForDeploymentPostprocessing = 0;
		};
		FCDDDFC8296EE9BA00A5FD80 /* Sources */ = {
			isa = PBXSourcesBuildPhase;
			buildActionMask = 2147483647;
			files = (
				FCDDDFD1296EE9BA00A5FD80 /* MarvelAppUITests.swift in Sources */,
				FCDDDFD3296EE9BA00A5FD80 /* MarvelAppUITestsLaunchTests.swift in Sources */,
			);
			runOnlyForDeploymentPostprocessing = 0;
		};
/* End PBXSourcesBuildPhase section */

/* Begin PBXTargetDependency section */
		FCDDDFC4296EE9BA00A5FD80 /* PBXTargetDependency */ = {
			isa = PBXTargetDependency;
			target = FCDDDFA8296EE9B900A5FD80 /* MarvelApp */;
			targetProxy = FCDDDFC3296EE9BA00A5FD80 /* PBXContainerItemProxy */;
		};
		FCDDDFCE296EE9BA00A5FD80 /* PBXTargetDependency */ = {
			isa = PBXTargetDependency;
			target = FCDDDFA8296EE9B900A5FD80 /* MarvelApp */;
			targetProxy = FCDDDFCD296EE9BA00A5FD80 /* PBXContainerItemProxy */;
		};
/* End PBXTargetDependency section */

/* Begin PBXVariantGroup section */
		FCDDDFB2296EE9B900A5FD80 /* Main.storyboard */ = {
			isa = PBXVariantGroup;
			children = (
				FCDDDFB3296EE9B900A5FD80 /* Base */,
			);
			name = Main.storyboard;
			sourceTree = "<group>";
		};
		FCDDDFBA296EE9BA00A5FD80 /* LaunchScreen.storyboard */ = {
			isa = PBXVariantGroup;
			children = (
				FCDDDFBB296EE9BA00A5FD80 /* Base */,
			);
			name = LaunchScreen.storyboard;
			sourceTree = "<group>";
		};
/* End PBXVariantGroup section */

/* Begin XCBuildConfiguration section */
		FCDDDFD4296EE9BA00A5FD80 /* Debug */ = {
			isa = XCBuildConfiguration;
			buildSettings = {
				ALWAYS_SEARCH_USER_PATHS = NO;
				CLANG_ANALYZER_NONNULL = YES;
				CLANG_ANALYZER_NUMBER_OBJECT_CONVERSION = YES_AGGRESSIVE;
				CLANG_CXX_LANGUAGE_STANDARD = "gnu++20";
				CLANG_ENABLE_MODULES = YES;
				CLANG_ENABLE_OBJC_ARC = YES;
				CLANG_ENABLE_OBJC_WEAK = YES;
				CLANG_WARN_BLOCK_CAPTURE_AUTORELEASING = YES;
				CLANG_WARN_BOOL_CONVERSION = YES;
				CLANG_WARN_COMMA = YES;
				CLANG_WARN_CONSTANT_CONVERSION = YES;
				CLANG_WARN_DEPRECATED_OBJC_IMPLEMENTATIONS = YES;
				CLANG_WARN_DIRECT_OBJC_ISA_USAGE = YES_ERROR;
				CLANG_WARN_DOCUMENTATION_COMMENTS = YES;
				CLANG_WARN_EMPTY_BODY = YES;
				CLANG_WARN_ENUM_CONVERSION = YES;
				CLANG_WARN_INFINITE_RECURSION = YES;
				CLANG_WARN_INT_CONVERSION = YES;
				CLANG_WARN_NON_LITERAL_NULL_CONVERSION = YES;
				CLANG_WARN_OBJC_IMPLICIT_RETAIN_SELF = YES;
				CLANG_WARN_OBJC_LITERAL_CONVERSION = YES;
				CLANG_WARN_OBJC_ROOT_CLASS = YES_ERROR;
				CLANG_WARN_QUOTED_INCLUDE_IN_FRAMEWORK_HEADER = YES;
				CLANG_WARN_RANGE_LOOP_ANALYSIS = YES;
				CLANG_WARN_STRICT_PROTOTYPES = YES;
				CLANG_WARN_SUSPICIOUS_MOVE = YES;
				CLANG_WARN_UNGUARDED_AVAILABILITY = YES_AGGRESSIVE;
				CLANG_WARN_UNREACHABLE_CODE = YES;
				CLANG_WARN__DUPLICATE_METHOD_MATCH = YES;
				COPY_PHASE_STRIP = NO;
				DEBUG_INFORMATION_FORMAT = dwarf;
				ENABLE_STRICT_OBJC_MSGSEND = YES;
				ENABLE_TESTABILITY = YES;
				GCC_C_LANGUAGE_STANDARD = gnu11;
				GCC_DYNAMIC_NO_PIC = NO;
				GCC_NO_COMMON_BLOCKS = YES;
				GCC_OPTIMIZATION_LEVEL = 0;
				GCC_PREPROCESSOR_DEFINITIONS = (
					"DEBUG=1",
					"$(inherited)",
				);
				GCC_WARN_64_TO_32_BIT_CONVERSION = YES;
				GCC_WARN_ABOUT_RETURN_TYPE = YES_ERROR;
				GCC_WARN_UNDECLARED_SELECTOR = YES;
				GCC_WARN_UNINITIALIZED_AUTOS = YES_AGGRESSIVE;
				GCC_WARN_UNUSED_FUNCTION = YES;
				GCC_WARN_UNUSED_VARIABLE = YES;
				IPHONEOS_DEPLOYMENT_TARGET = 16.2;
				MTL_ENABLE_DEBUG_INFO = INCLUDE_SOURCE;
				MTL_FAST_MATH = YES;
				ONLY_ACTIVE_ARCH = YES;
				SDKROOT = iphoneos;
				SWIFT_ACTIVE_COMPILATION_CONDITIONS = DEBUG;
				SWIFT_OPTIMIZATION_LEVEL = "-Onone";
			};
			name = Debug;
		};
		FCDDDFD5296EE9BA00A5FD80 /* Release */ = {
			isa = XCBuildConfiguration;
			buildSettings = {
				ALWAYS_SEARCH_USER_PATHS = NO;
				CLANG_ANALYZER_NONNULL = YES;
				CLANG_ANALYZER_NUMBER_OBJECT_CONVERSION = YES_AGGRESSIVE;
				CLANG_CXX_LANGUAGE_STANDARD = "gnu++20";
				CLANG_ENABLE_MODULES = YES;
				CLANG_ENABLE_OBJC_ARC = YES;
				CLANG_ENABLE_OBJC_WEAK = YES;
				CLANG_WARN_BLOCK_CAPTURE_AUTORELEASING = YES;
				CLANG_WARN_BOOL_CONVERSION = YES;
				CLANG_WARN_COMMA = YES;
				CLANG_WARN_CONSTANT_CONVERSION = YES;
				CLANG_WARN_DEPRECATED_OBJC_IMPLEMENTATIONS = YES;
				CLANG_WARN_DIRECT_OBJC_ISA_USAGE = YES_ERROR;
				CLANG_WARN_DOCUMENTATION_COMMENTS = YES;
				CLANG_WARN_EMPTY_BODY = YES;
				CLANG_WARN_ENUM_CONVERSION = YES;
				CLANG_WARN_INFINITE_RECURSION = YES;
				CLANG_WARN_INT_CONVERSION = YES;
				CLANG_WARN_NON_LITERAL_NULL_CONVERSION = YES;
				CLANG_WARN_OBJC_IMPLICIT_RETAIN_SELF = YES;
				CLANG_WARN_OBJC_LITERAL_CONVERSION = YES;
				CLANG_WARN_OBJC_ROOT_CLASS = YES_ERROR;
				CLANG_WARN_QUOTED_INCLUDE_IN_FRAMEWORK_HEADER = YES;
				CLANG_WARN_RANGE_LOOP_ANALYSIS = YES;
				CLANG_WARN_STRICT_PROTOTYPES = YES;
				CLANG_WARN_SUSPICIOUS_MOVE = YES;
				CLANG_WARN_UNGUARDED_AVAILABILITY = YES_AGGRESSIVE;
				CLANG_WARN_UNREACHABLE_CODE = YES;
				CLANG_WARN__DUPLICATE_METHOD_MATCH = YES;
				COPY_PHASE_STRIP = NO;
				DEBUG_INFORMATION_FORMAT = "dwarf-with-dsym";
				ENABLE_NS_ASSERTIONS = NO;
				ENABLE_STRICT_OBJC_MSGSEND = YES;
				GCC_C_LANGUAGE_STANDARD = gnu11;
				GCC_NO_COMMON_BLOCKS = YES;
				GCC_WARN_64_TO_32_BIT_CONVERSION = YES;
				GCC_WARN_ABOUT_RETURN_TYPE = YES_ERROR;
				GCC_WARN_UNDECLARED_SELECTOR = YES;
				GCC_WARN_UNINITIALIZED_AUTOS = YES_AGGRESSIVE;
				GCC_WARN_UNUSED_FUNCTION = YES;
				GCC_WARN_UNUSED_VARIABLE = YES;
				IPHONEOS_DEPLOYMENT_TARGET = 16.2;
				MTL_ENABLE_DEBUG_INFO = NO;
				MTL_FAST_MATH = YES;
				SDKROOT = iphoneos;
				SWIFT_COMPILATION_MODE = wholemodule;
				SWIFT_OPTIMIZATION_LEVEL = "-O";
				VALIDATE_PRODUCT = YES;
			};
			name = Release;
		};
		FCDDDFD7296EE9BA00A5FD80 /* Debug */ = {
			isa = XCBuildConfiguration;
			buildSettings = {
				ASSETCATALOG_COMPILER_APPICON_NAME = AppIcon;
				ASSETCATALOG_COMPILER_GLOBAL_ACCENT_COLOR_NAME = AccentColor;
				CODE_SIGN_STYLE = Automatic;
				CURRENT_PROJECT_VERSION = 1;
				GENERATE_INFOPLIST_FILE = YES;
				INFOPLIST_FILE = MarvelApp/Info.plist;
				INFOPLIST_KEY_UIApplicationSupportsIndirectInputEvents = YES;
				INFOPLIST_KEY_UILaunchStoryboardName = LaunchScreen;
				INFOPLIST_KEY_UIMainStoryboardFile = Main;
				INFOPLIST_KEY_UISupportedInterfaceOrientations_iPad = "UIInterfaceOrientationPortrait UIInterfaceOrientationPortraitUpsideDown UIInterfaceOrientationLandscapeLeft UIInterfaceOrientationLandscapeRight";
				INFOPLIST_KEY_UISupportedInterfaceOrientations_iPhone = "UIInterfaceOrientationPortrait UIInterfaceOrientationLandscapeLeft UIInterfaceOrientationLandscapeRight";
				LD_RUNPATH_SEARCH_PATHS = (
					"$(inherited)",
					"@executable_path/Frameworks",
				);
				MARKETING_VERSION = 1.0;
				PRODUCT_BUNDLE_IDENTIFIER = a.MarvelApp;
				PRODUCT_NAME = "$(TARGET_NAME)";
				SWIFT_EMIT_LOC_STRINGS = YES;
				SWIFT_VERSION = 5.0;
				TARGETED_DEVICE_FAMILY = "1,2";
			};
			name = Debug;
		};
		FCDDDFD8296EE9BA00A5FD80 /* Release */ = {
			isa = XCBuildConfiguration;
			buildSettings = {
				ASSETCATALOG_COMPILER_APPICON_NAME = AppIcon;
				ASSETCATALOG_COMPILER_GLOBAL_ACCENT_COLOR_NAME = AccentColor;
				CODE_SIGN_STYLE = Automatic;
				CURRENT_PROJECT_VERSION = 1;
				GENERATE_INFOPLIST_FILE = YES;
				INFOPLIST_FILE = MarvelApp/Info.plist;
				INFOPLIST_KEY_UIApplicationSupportsIndirectInputEvents = YES;
				INFOPLIST_KEY_UILaunchStoryboardName = LaunchScreen;
				INFOPLIST_KEY_UIMainStoryboardFile = Main;
				INFOPLIST_KEY_UISupportedInterfaceOrientations_iPad = "UIInterfaceOrientationPortrait UIInterfaceOrientationPortraitUpsideDown UIInterfaceOrientationLandscapeLeft UIInterfaceOrientationLandscapeRight";
				INFOPLIST_KEY_UISupportedInterfaceOrientations_iPhone = "UIInterfaceOrientationPortrait UIInterfaceOrientationLandscapeLeft UIInterfaceOrientationLandscapeRight";
				LD_RUNPATH_SEARCH_PATHS = (
					"$(inherited)",
					"@executable_path/Frameworks",
				);
				MARKETING_VERSION = 1.0;
				PRODUCT_BUNDLE_IDENTIFIER = a.MarvelApp;
				PRODUCT_NAME = "$(TARGET_NAME)";
				SWIFT_EMIT_LOC_STRINGS = YES;
				SWIFT_VERSION = 5.0;
				TARGETED_DEVICE_FAMILY = "1,2";
			};
			name = Release;
		};
		FCDDDFDA296EE9BA00A5FD80 /* Debug */ = {
			isa = XCBuildConfiguration;
			buildSettings = {
				ALWAYS_EMBED_SWIFT_STANDARD_LIBRARIES = YES;
				BUNDLE_LOADER = "$(TEST_HOST)";
				CODE_SIGN_STYLE = Automatic;
				CURRENT_PROJECT_VERSION = 1;
				GENERATE_INFOPLIST_FILE = YES;
				IPHONEOS_DEPLOYMENT_TARGET = 16.2;
				MARKETING_VERSION = 1.0;
				PRODUCT_BUNDLE_IDENTIFIER = a.MarvelAppTests;
				PRODUCT_NAME = "$(TARGET_NAME)";
				SWIFT_EMIT_LOC_STRINGS = NO;
				SWIFT_VERSION = 5.0;
				TARGETED_DEVICE_FAMILY = "1,2";
				TEST_HOST = "$(BUILT_PRODUCTS_DIR)/MarvelApp.app/$(BUNDLE_EXECUTABLE_FOLDER_PATH)/MarvelApp";
			};
			name = Debug;
		};
		FCDDDFDB296EE9BA00A5FD80 /* Release */ = {
			isa = XCBuildConfiguration;
			buildSettings = {
				ALWAYS_EMBED_SWIFT_STANDARD_LIBRARIES = YES;
				BUNDLE_LOADER = "$(TEST_HOST)";
				CODE_SIGN_STYLE = Automatic;
				CURRENT_PROJECT_VERSION = 1;
				GENERATE_INFOPLIST_FILE = YES;
				IPHONEOS_DEPLOYMENT_TARGET = 16.2;
				MARKETING_VERSION = 1.0;
				PRODUCT_BUNDLE_IDENTIFIER = a.MarvelAppTests;
				PRODUCT_NAME = "$(TARGET_NAME)";
				SWIFT_EMIT_LOC_STRINGS = NO;
				SWIFT_VERSION = 5.0;
				TARGETED_DEVICE_FAMILY = "1,2";
				TEST_HOST = "$(BUILT_PRODUCTS_DIR)/MarvelApp.app/$(BUNDLE_EXECUTABLE_FOLDER_PATH)/MarvelApp";
			};
			name = Release;
		};
		FCDDDFDD296EE9BA00A5FD80 /* Debug */ = {
			isa = XCBuildConfiguration;
			buildSettings = {
				ALWAYS_EMBED_SWIFT_STANDARD_LIBRARIES = YES;
				CODE_SIGN_STYLE = Automatic;
				CURRENT_PROJECT_VERSION = 1;
				GENERATE_INFOPLIST_FILE = YES;
				MARKETING_VERSION = 1.0;
				PRODUCT_BUNDLE_IDENTIFIER = a.MarvelAppUITests;
				PRODUCT_NAME = "$(TARGET_NAME)";
				SWIFT_EMIT_LOC_STRINGS = NO;
				SWIFT_VERSION = 5.0;
				TARGETED_DEVICE_FAMILY = "1,2";
				TEST_TARGET_NAME = MarvelApp;
			};
			name = Debug;
		};
		FCDDDFDE296EE9BA00A5FD80 /* Release */ = {
			isa = XCBuildConfiguration;
			buildSettings = {
				ALWAYS_EMBED_SWIFT_STANDARD_LIBRARIES = YES;
				CODE_SIGN_STYLE = Automatic;
				CURRENT_PROJECT_VERSION = 1;
				GENERATE_INFOPLIST_FILE = YES;
				MARKETING_VERSION = 1.0;
				PRODUCT_BUNDLE_IDENTIFIER = a.MarvelAppUITests;
				PRODUCT_NAME = "$(TARGET_NAME)";
				SWIFT_EMIT_LOC_STRINGS = NO;
				SWIFT_VERSION = 5.0;
				TARGETED_DEVICE_FAMILY = "1,2";
				TEST_TARGET_NAME = MarvelApp;
			};
			name = Release;
		};
/* End XCBuildConfiguration section */

/* Begin XCConfigurationList section */
		FCDDDFA4296EE9B900A5FD80 /* Build configuration list for PBXProject "MarvelApp" */ = {
			isa = XCConfigurationList;
			buildConfigurations = (
				FCDDDFD4296EE9BA00A5FD80 /* Debug */,
				FCDDDFD5296EE9BA00A5FD80 /* Release */,
			);
			defaultConfigurationIsVisible = 0;
			defaultConfigurationName = Release;
		};
		FCDDDFD6296EE9BA00A5FD80 /* Build configuration list for PBXNativeTarget "MarvelApp" */ = {
			isa = XCConfigurationList;
			buildConfigurations = (
				FCDDDFD7296EE9BA00A5FD80 /* Debug */,
				FCDDDFD8296EE9BA00A5FD80 /* Release */,
			);
			defaultConfigurationIsVisible = 0;
			defaultConfigurationName = Release;
		};
		FCDDDFD9296EE9BA00A5FD80 /* Build configuration list for PBXNativeTarget "MarvelAppTests" */ = {
			isa = XCConfigurationList;
			buildConfigurations = (
				FCDDDFDA296EE9BA00A5FD80 /* Debug */,
				FCDDDFDB296EE9BA00A5FD80 /* Release */,
			);
			defaultConfigurationIsVisible = 0;
			defaultConfigurationName = Release;
		};
		FCDDDFDC296EE9BA00A5FD80 /* Build configuration list for PBXNativeTarget "MarvelAppUITests" */ = {
			isa = XCConfigurationList;
			buildConfigurations = (
				FCDDDFDD296EE9BA00A5FD80 /* Debug */,
				FCDDDFDE296EE9BA00A5FD80 /* Release */,
			);
			defaultConfigurationIsVisible = 0;
			defaultConfigurationName = Release;
		};
/* End XCConfigurationList section */

/* Begin XCVersionGroup section */
		FCDDDFB5296EE9B900A5FD80 /* MarvelApp.xcdatamodeld */ = {
			isa = XCVersionGroup;
			children = (
				FCDDDFB6296EE9B900A5FD80 /* MarvelApp.xcdatamodel */,
			);
			currentVersion = FCDDDFB6296EE9B900A5FD80 /* MarvelApp.xcdatamodel */;
			path = MarvelApp.xcdatamodeld;
			sourceTree = "<group>";
			versionGroupType = wrapper.xcdatamodel;
		};
/* End XCVersionGroup section */
	};
	rootObject = FCDDDFA1296EE9B900A5FD80 /* Project object */;
}
